# This file is automatically @generated by Poetry 2.1.1 and should not be changed by hand.

[[package]]
name = "openapi-generator-cli"
version = "7.12.0"
description = "CLI for openapi generator"
optional = false
python-versions = "<4,>=3.9"
groups = ["main"]
files = [
    {file = "openapi_generator_cli-7.12.0-py3-none-any.whl", hash = "sha256:cf97e0e40bacc66ca70963845e52b0c003aaab85da7f1d10cc25abf2f1c8bb6e"},
    {file = "openapi_generator_cli-7.12.0.tar.gz", hash = "sha256:11dc4fd67fc7d839572ae8e29fb1dee5892195a7ac88b98e41a2cd8105e3250f"},
]

[package.extras]
jdk4py = ["jdk4py (>=21.0.4.1,<22) ; python_version >= \"3.10\""]

[metadata]
lock-version = "2.1"
python-versions = "<4, >=3.13"
content-hash = "cc2983fe6d6bc8d2a5436128ff9f83ea8a3797fa278d0544c0e0df9cbfc25484"
